
Microsoft Visual Studio Solution File, Format Version 12.00
# Visual Studio Version 16
VisualStudioVersion = 25.0.1705.4
MinimumVisualStudioVersion = 10.0.40219.1
Project("{FAE04EC0-301F-11D3-BF4B-00C04F79EFBC}") = "CSristmas", "CSristmas\CSristmas.csproj", "{911240C4-E21C-4F34-BF24-9BE8BF47CEE2}"
EndProject
Global
	GlobalSection(SolutionConfigurationPlatforms) = preSolution
		Debug|Any CPU = Debug|Any CPU
		Release|Any CPU = Release|Any CPU
	EndGlobalSection
	GlobalSection(ProjectConfigurationPlatforms) = postSolution
		{911240C4-E21C-4F34-BF24-9BE8BF47CEE2}.Debug|Any CPU.ActiveCfg = Debug|Any CPU
		{911240C4-E21C-4F34-BF24-9BE8BF47CEE2}.Debug|Any CPU.Build.0 = Debug|Any CPU
		{911240C4-E21C-4F34-BF24-9BE8BF47CEE2}.Release|Any CPU.ActiveCfg = Release|Any CPU
		{911240C4-E21C-4F34-BF24-9BE8BF47CEE2}.Release|Any CPU.Build.0 = Release|Any CPU
	EndGlobalSection
	GlobalSection(SolutionProperties) = preSolution
		HideSolutionNode = FALSE
	EndGlobalSection
	GlobalSection(ExtensibilityGlobals) = postSolution
		SolutionGuid = {3973EFAF-596F-480C-8AA6-C1203A4FDDD3}
	EndGlobalSection
EndGlobal
